
Microsoft Visual Studio Solution File, Format Version 12.00
# Visual Studio Version 17
VisualStudioVersion = 17.7.34003.232
MinimumVisualStudioVersion = 10.0.40219.1
Project("{2150E333-8FDC-42A3-9474-1A3956D46DE8}") = "src", "src", "{C806EA7E-3D38-4E5B-BE56-58B62887501F}"
EndProject
Project("{2150E333-8FDC-42A3-9474-1A3956D46DE8}") = "tests", "tests", "{2B62A67A-40EC-42E7-8634-A1600F96A733}"
EndProject
Project("{2150E333-8FDC-42A3-9474-1A3956D46DE8}") = "website", "website", "{3DC3A3DD-0E25-493C-A396-1426AE82734A}"
EndProject
Project("{2150E333-8FDC-42A3-9474-1A3956D46DE8}") = "services", "services", "{BE088184-D917-4536-B64E-F46990DD8F65}"
EndProject
Project("{2150E333-8FDC-42A3-9474-1A3956D46DE8}") = "identity", "identity", "{CA66A0A5-95C0-40D0-A61A-6CC1695E0702}"
EndProject
Project("{2150E333-8FDC-42A3-9474-1A3956D46DE8}") = "ecommerce", "ecommerce", "{01B6BBC9-2357-45DA-82D9-D2D01E9497EC}"
EndProject
Project("{2150E333-8FDC-42A3-9474-1A3956D46DE8}") = "facade", "facade", "{39AE5C22-9242-4480-9E7C-B62912A981A4}"
EndProject
Project("{2150E333-8FDC-42A3-9474-1A3956D46DE8}") = "notification", "notification", "{E7E37C6C-B45C-486A-812F-C78FA38FDB17}"
EndProject
Project("{2150E333-8FDC-42A3-9474-1A3956D46DE8}") = "services", "services", "{E6A5D5F2-1CC9-4F0C-B372-6D6B5F110807}"
EndProject
Project("{2150E333-8FDC-42A3-9474-1A3956D46DE8}") = "website", "website", "{857F8DF5-5588-4258-B1C7-63F0634EA56B}"
EndProject
Project("{FAE04EC0-301F-11D3-BF4B-00C04F79EFBC}") = "estore.identity.api", "estore.identity.api\estore.identity.api.csproj", "{F18B567D-EAC9-48A7-BA18-E3398B196ADB}"
EndProject
Project("{FAE04EC0-301F-11D3-BF4B-00C04F79EFBC}") = "estore.notification.api", "estore.notification.api\estore.notification.api.csproj", "{1C79A724-DD4D-460B-A997-547D950EA7C4}"
EndProject
Project("{FAE04EC0-301F-11D3-BF4B-00C04F79EFBC}") = "estore.frontend.web", "estore.frontend.web\estore.frontend.web.csproj", "{F55CF1FD-A39B-4336-B582-160778A14EF9}"
EndProject
Project("{FAE04EC0-301F-11D3-BF4B-00C04F79EFBC}") = "estore.ecommerce.core", "estore.ecommerce.core\estore.ecommerce.core.csproj", "{73A14C5A-17E6-408D-BEBA-E45A026ED2C9}"
EndProject
Project("{FAE04EC0-301F-11D3-BF4B-00C04F79EFBC}") = "estore.facade.core", "estore.facade.core\estore.facade.core.csproj", "{770FE72C-8DD3-4C47-8030-65C09156EB0D}"
EndProject
Project("{FAE04EC0-301F-11D3-BF4B-00C04F79EFBC}") = "estore.ecommerce.data", "estore.ecommerce.data\estore.ecommerce.data.csproj", "{B8541B83-FDDF-4EF6-A088-6B8F0BE01C72}"
EndProject
Project("{FAE04EC0-301F-11D3-BF4B-00C04F79EFBC}") = "estore.identity.data", "estore.identity.data\estore.identity.data.csproj", "{CB3D2D3F-B9FB-4EBF-B081-748128A9DF89}"
EndProject
Project("{FAE04EC0-301F-11D3-BF4B-00C04F79EFBC}") = "estore.identity.core", "estore.identity.core\estore.identity.core.csproj", "{09AADCF9-4EA1-4CF0-BBE2-144D5D368629}"
EndProject
Project("{FAE04EC0-301F-11D3-BF4B-00C04F79EFBC}") = "estore.frontend.core", "estore.frontend.core\estore.frontend.core.csproj", "{1B10BBA1-BFC6-4272-B598-415BBF9E9C30}"
EndProject
Project("{FAE04EC0-301F-11D3-BF4B-00C04F79EFBC}") = "estore.ecommerce.tests", "estore.ecommerce.tests\estore.ecommerce.tests.csproj", "{26814C43-F2CE-48D8-967B-FAD19AC073B9}"
EndProject
Project("{FAE04EC0-301F-11D3-BF4B-00C04F79EFBC}") = "estore.identity.tests", "estore.identity.tests\estore.identity.tests.csproj", "{BAE06A3D-D812-43BE-9672-73C7A7ED8565}"
EndProject
Project("{FAE04EC0-301F-11D3-BF4B-00C04F79EFBC}") = "estore.frontend.tests", "estore.frontend.tests\estore.frontend.tests.csproj", "{D355B358-E88A-4207-A4AF-4FBF261E1E3E}"
EndProject
Project("{FAE04EC0-301F-11D3-BF4B-00C04F79EFBC}") = "estore.facade.service", "estore.facade.service\estore.facade.service.csproj", "{DB17F9CB-B16E-46DB-BC79-46CCEF7497A7}"
EndProject
Project("{FAE04EC0-301F-11D3-BF4B-00C04F79EFBC}") = "estore.ecommerce.api", "estore.ecommerce.api\estore.ecommerce.api.csproj", "{E5621FC9-4456-4AF0-AB55-A9DED7C6E014}"
EndProject
Project("{2150E333-8FDC-42A3-9474-1A3956D46DE8}") = "library", "library", "{141B7130-84B6-427B-B1E1-D11AB2499FB3}"
EndProject
Project("{FAE04EC0-301F-11D3-BF4B-00C04F79EFBC}") = "estore.common", "estore.common\estore.common.csproj", "{E92BF0F6-4B0F-45B1-B5EB-6B12EE485D81}"
EndProject
Global
	GlobalSection(SolutionConfigurationPlatforms) = preSolution
		Debug|Any CPU = Debug|Any CPU
		Release|Any CPU = Release|Any CPU
	EndGlobalSection
	GlobalSection(ProjectConfigurationPlatforms) = postSolution
		{F18B567D-EAC9-48A7-BA18-E3398B196ADB}.Debug|Any CPU.ActiveCfg = Debug|Any CPU
		{F18B567D-EAC9-48A7-BA18-E3398B196ADB}.Debug|Any CPU.Build.0 = Debug|Any CPU
		{F18B567D-EAC9-48A7-BA18-E3398B196ADB}.Release|Any CPU.ActiveCfg = Release|Any CPU
		{F18B567D-EAC9-48A7-BA18-E3398B196ADB}.Release|Any CPU.Build.0 = Release|Any CPU
		{1C79A724-DD4D-460B-A997-547D950EA7C4}.Debug|Any CPU.ActiveCfg = Debug|Any CPU
		{1C79A724-DD4D-460B-A997-547D950EA7C4}.Debug|Any CPU.Build.0 = Debug|Any CPU
		{1C79A724-DD4D-460B-A997-547D950EA7C4}.Release|Any CPU.ActiveCfg = Release|Any CPU
		{1C79A724-DD4D-460B-A997-547D950EA7C4}.Release|Any CPU.Build.0 = Release|Any CPU
		{F55CF1FD-A39B-4336-B582-160778A14EF9}.Debug|Any CPU.ActiveCfg = Debug|Any CPU
		{F55CF1FD-A39B-4336-B582-160778A14EF9}.Debug|Any CPU.Build.0 = Debug|Any CPU
		{F55CF1FD-A39B-4336-B582-160778A14EF9}.Release|Any CPU.ActiveCfg = Release|Any CPU
		{F55CF1FD-A39B-4336-B582-160778A14EF9}.Release|Any CPU.Build.0 = Release|Any CPU
		{73A14C5A-17E6-408D-BEBA-E45A026ED2C9}.Debug|Any CPU.ActiveCfg = Debug|Any CPU
		{73A14C5A-17E6-408D-BEBA-E45A026ED2C9}.Debug|Any CPU.Build.0 = Debug|Any CPU
		{73A14C5A-17E6-408D-BEBA-E45A026ED2C9}.Release|Any CPU.ActiveCfg = Release|Any CPU
		{73A14C5A-17E6-408D-BEBA-E45A026ED2C9}.Release|Any CPU.Build.0 = Release|Any CPU
		{770FE72C-8DD3-4C47-8030-65C09156EB0D}.Debug|Any CPU.ActiveCfg = Debug|Any CPU
		{770FE72C-8DD3-4C47-8030-65C09156EB0D}.Debug|Any CPU.Build.0 = Debug|Any CPU
		{770FE72C-8DD3-4C47-8030-65C09156EB0D}.Release|Any CPU.ActiveCfg = Release|Any CPU
		{770FE72C-8DD3-4C47-8030-65C09156EB0D}.Release|Any CPU.Build.0 = Release|Any CPU
		{B8541B83-FDDF-4EF6-A088-6B8F0BE01C72}.Debug|Any CPU.ActiveCfg = Debug|Any CPU
		{B8541B83-FDDF-4EF6-A088-6B8F0BE01C72}.Debug|Any CPU.Build.0 = Debug|Any CPU
		{B8541B83-FDDF-4EF6-A088-6B8F0BE01C72}.Release|Any CPU.ActiveCfg = Release|Any CPU
		{B8541B83-FDDF-4EF6-A088-6B8F0BE01C72}.Release|Any CPU.Build.0 = Release|Any CPU
		{CB3D2D3F-B9FB-4EBF-B081-748128A9DF89}.Debug|Any CPU.ActiveCfg = Debug|Any CPU
		{CB3D2D3F-B9FB-4EBF-B081-748128A9DF89}.Debug|Any CPU.Build.0 = Debug|Any CPU
		{CB3D2D3F-B9FB-4EBF-B081-748128A9DF89}.Release|Any CPU.ActiveCfg = Release|Any CPU
		{CB3D2D3F-B9FB-4EBF-B081-748128A9DF89}.Release|Any CPU.Build.0 = Release|Any CPU
		{09AADCF9-4EA1-4CF0-BBE2-144D5D368629}.Debug|Any CPU.ActiveCfg = Debug|Any CPU
		{09AADCF9-4EA1-4CF0-BBE2-144D5D368629}.Debug|Any CPU.Build.0 = Debug|Any CPU
		{09AADCF9-4EA1-4CF0-BBE2-144D5D368629}.Release|Any CPU.ActiveCfg = Release|Any CPU
		{09AADCF9-4EA1-4CF0-BBE2-144D5D368629}.Release|Any CPU.Build.0 = Release|Any CPU
		{1B10BBA1-BFC6-4272-B598-415BBF9E9C30}.Debug|Any CPU.ActiveCfg = Debug|Any CPU
		{1B10BBA1-BFC6-4272-B598-415BBF9E9C30}.Debug|Any CPU.Build.0 = Debug|Any CPU
		{1B10BBA1-BFC6-4272-B598-415BBF9E9C30}.Release|Any CPU.ActiveCfg = Release|Any CPU
		{1B10BBA1-BFC6-4272-B598-415BBF9E9C30}.Release|Any CPU.Build.0 = Release|Any CPU
		{26814C43-F2CE-48D8-967B-FAD19AC073B9}.Debug|Any CPU.ActiveCfg = Debug|Any CPU
		{26814C43-F2CE-48D8-967B-FAD19AC073B9}.Debug|Any CPU.Build.0 = Debug|Any CPU
		{26814C43-F2CE-48D8-967B-FAD19AC073B9}.Release|Any CPU.ActiveCfg = Release|Any CPU
		{26814C43-F2CE-48D8-967B-FAD19AC073B9}.Release|Any CPU.Build.0 = Release|Any CPU
		{BAE06A3D-D812-43BE-9672-73C7A7ED8565}.Debug|Any CPU.ActiveCfg = Debug|Any CPU
		{BAE06A3D-D812-43BE-9672-73C7A7ED8565}.Debug|Any CPU.Build.0 = Debug|Any CPU
		{BAE06A3D-D812-43BE-9672-73C7A7ED8565}.Release|Any CPU.ActiveCfg = Release|Any CPU
		{BAE06A3D-D812-43BE-9672-73C7A7ED8565}.Release|Any CPU.Build.0 = Release|Any CPU
		{D355B358-E88A-4207-A4AF-4FBF261E1E3E}.Debug|Any CPU.ActiveCfg = Debug|Any CPU
		{D355B358-E88A-4207-A4AF-4FBF261E1E3E}.Debug|Any CPU.Build.0 = Debug|Any CPU
		{D355B358-E88A-4207-A4AF-4FBF261E1E3E}.Release|Any CPU.ActiveCfg = Release|Any CPU
		{D355B358-E88A-4207-A4AF-4FBF261E1E3E}.Release|Any CPU.Build.0 = Release|Any CPU
		{DB17F9CB-B16E-46DB-BC79-46CCEF7497A7}.Debug|Any CPU.ActiveCfg = Debug|Any CPU
		{DB17F9CB-B16E-46DB-BC79-46CCEF7497A7}.Debug|Any CPU.Build.0 = Debug|Any CPU
		{DB17F9CB-B16E-46DB-BC79-46CCEF7497A7}.Release|Any CPU.ActiveCfg = Release|Any CPU
		{DB17F9CB-B16E-46DB-BC79-46CCEF7497A7}.Release|Any CPU.Build.0 = Release|Any CPU
		{E5621FC9-4456-4AF0-AB55-A9DED7C6E014}.Debug|Any CPU.ActiveCfg = Debug|Any CPU
		{E5621FC9-4456-4AF0-AB55-A9DED7C6E014}.Debug|Any CPU.Build.0 = Debug|Any CPU
		{E5621FC9-4456-4AF0-AB55-A9DED7C6E014}.Release|Any CPU.ActiveCfg = Release|Any CPU
		{E5621FC9-4456-4AF0-AB55-A9DED7C6E014}.Release|Any CPU.Build.0 = Release|Any CPU
		{E92BF0F6-4B0F-45B1-B5EB-6B12EE485D81}.Debug|Any CPU.ActiveCfg = Debug|Any CPU
		{E92BF0F6-4B0F-45B1-B5EB-6B12EE485D81}.Debug|Any CPU.Build.0 = Debug|Any CPU
		{E92BF0F6-4B0F-45B1-B5EB-6B12EE485D81}.Release|Any CPU.ActiveCfg = Release|Any CPU
		{E92BF0F6-4B0F-45B1-B5EB-6B12EE485D81}.Release|Any CPU.Build.0 = Release|Any CPU
	EndGlobalSection
	GlobalSection(SolutionProperties) = preSolution
		HideSolutionNode = FALSE
	EndGlobalSection
	GlobalSection(NestedProjects) = preSolution
		{3DC3A3DD-0E25-493C-A396-1426AE82734A} = {C806EA7E-3D38-4E5B-BE56-58B62887501F}
		{BE088184-D917-4536-B64E-F46990DD8F65} = {C806EA7E-3D38-4E5B-BE56-58B62887501F}
		{CA66A0A5-95C0-40D0-A61A-6CC1695E0702} = {BE088184-D917-4536-B64E-F46990DD8F65}
		{01B6BBC9-2357-45DA-82D9-D2D01E9497EC} = {BE088184-D917-4536-B64E-F46990DD8F65}
		{39AE5C22-9242-4480-9E7C-B62912A981A4} = {BE088184-D917-4536-B64E-F46990DD8F65}
		{E7E37C6C-B45C-486A-812F-C78FA38FDB17} = {BE088184-D917-4536-B64E-F46990DD8F65}
		{E6A5D5F2-1CC9-4F0C-B372-6D6B5F110807} = {2B62A67A-40EC-42E7-8634-A1600F96A733}
		{857F8DF5-5588-4258-B1C7-63F0634EA56B} = {2B62A67A-40EC-42E7-8634-A1600F96A733}
		{F18B567D-EAC9-48A7-BA18-E3398B196ADB} = {CA66A0A5-95C0-40D0-A61A-6CC1695E0702}
		{1C79A724-DD4D-460B-A997-547D950EA7C4} = {E7E37C6C-B45C-486A-812F-C78FA38FDB17}
		{F55CF1FD-A39B-4336-B582-160778A14EF9} = {3DC3A3DD-0E25-493C-A396-1426AE82734A}
		{73A14C5A-17E6-408D-BEBA-E45A026ED2C9} = {01B6BBC9-2357-45DA-82D9-D2D01E9497EC}
		{770FE72C-8DD3-4C47-8030-65C09156EB0D} = {39AE5C22-9242-4480-9E7C-B62912A981A4}
		{B8541B83-FDDF-4EF6-A088-6B8F0BE01C72} = {01B6BBC9-2357-45DA-82D9-D2D01E9497EC}
		{CB3D2D3F-B9FB-4EBF-B081-748128A9DF89} = {CA66A0A5-95C0-40D0-A61A-6CC1695E0702}
		{09AADCF9-4EA1-4CF0-BBE2-144D5D368629} = {CA66A0A5-95C0-40D0-A61A-6CC1695E0702}
		{1B10BBA1-BFC6-4272-B598-415BBF9E9C30} = {3DC3A3DD-0E25-493C-A396-1426AE82734A}
		{26814C43-F2CE-48D8-967B-FAD19AC073B9} = {E6A5D5F2-1CC9-4F0C-B372-6D6B5F110807}
		{BAE06A3D-D812-43BE-9672-73C7A7ED8565} = {E6A5D5F2-1CC9-4F0C-B372-6D6B5F110807}
		{D355B358-E88A-4207-A4AF-4FBF261E1E3E} = {857F8DF5-5588-4258-B1C7-63F0634EA56B}
		{DB17F9CB-B16E-46DB-BC79-46CCEF7497A7} = {39AE5C22-9242-4480-9E7C-B62912A981A4}
		{E5621FC9-4456-4AF0-AB55-A9DED7C6E014} = {01B6BBC9-2357-45DA-82D9-D2D01E9497EC}
		{141B7130-84B6-427B-B1E1-D11AB2499FB3} = {C806EA7E-3D38-4E5B-BE56-58B62887501F}
		{E92BF0F6-4B0F-45B1-B5EB-6B12EE485D81} = {141B7130-84B6-427B-B1E1-D11AB2499FB3}
	EndGlobalSection
	GlobalSection(ExtensibilityGlobals) = postSolution
		SolutionGuid = {8F99AB36-9E53-4DCD-BDBE-7BC10BD6F200}
	EndGlobalSection
EndGlobal
